<?xml version="1.0" encoding="utf-8"?>
<Project ToolsVersion="4.0" xmlns="http://schemas.microsoft.com/developer/msbuild/2003">
  <ItemGroup>
    <Filter Include="Исходные файлы">
      <UniqueIdentifier>{4FC737F1-C7A5-4376-A066-2A32D752A2FF}</UniqueIdentifier>
      <Extensions>cpp;c;cc;cxx;def;odl;idl;hpj;bat;asm;asmx</Extensions>
    </Filter>
    <Filter Include="Файлы заголовков">
      <UniqueIdentifier>{93995380-89BD-4b04-88EB-625FBE52EBFB}</UniqueIdentifier>
      <Extensions>h;hh;hpp;hxx;hm;inl;inc;ipp;xsd</Extensions>
    </Filter>
    <Filter Include="Файлы ресурсов">
      <UniqueIdentifier>{67DA6AB6-F800-4c08-8B7A-83BB121AAD01}</UniqueIdentifier>
      <Extensions>rc;ico;cur;bmp;dlg;rc2;rct;bin;rgs;gif;jpg;jpeg;jpe;resx;tiff;tif;png;wav;mfcribbon-ms</Extensions>
    </Filter>
    <Filter Include="interfaces">
      <UniqueIdentifier>{dfd99d29-f66c-4f04-8851-f4823db76541}</UniqueIdentifier>
    </Filter>
    <Filter Include="interfaces\i_draw">
      <UniqueIdentifier>{34240292-3d3d-4b1f-bd8f-3a1ada526d8c}</UniqueIdentifier>
    </Filter>
    <Filter Include="classes">
      <UniqueIdentifier>{25a45837-b941-4ff1-b3dc-5aea6db09c5c}</UniqueIdentifier>
    </Filter>
    <Filter Include="classes\input_keyboard">
      <UniqueIdentifier>{7a9edcfc-1e68-4712-a4ba-b19a85c8a8ed}</UniqueIdentifier>
    </Filter>
    <Filter Include="classes\exceptions">
      <UniqueIdentifier>{51c58d4a-d445-40f4-afa1-032090eaa4f6}</UniqueIdentifier>
    </Filter>
    <Filter Include="classes\engine">
      <UniqueIdentifier>{c5173be6-0dc1-4b2b-a040-bd130eb6bc44}</UniqueIdentifier>
    </Filter>
    <Filter Include="classes\game_object">
      <UniqueIdentifier>{73d0dbc0-b1a9-4267-8cb3-07336ac30d91}</UniqueIdentifier>
    </Filter>
    <Filter Include="classes\game_object\shake">
      <UniqueIdentifier>{5ecd29b8-9446-4442-80b9-dbec795b5c20}</UniqueIdentifier>
    </Filter>
    <Filter Include="classes\game_object\fruit">
      <UniqueIdentifier>{aaddf565-92dd-48f2-b8cd-9f94bf74ae2e}</UniqueIdentifier>
    </Filter>
    <Filter Include="classes\game_object\map_matrix">
      <UniqueIdentifier>{1056c90a-9463-464f-8e26-b48223ad3892}</UniqueIdentifier>
    </Filter>
    <Filter Include="classes\game_object\point">
      <UniqueIdentifier>{6e3be0af-a359-46b1-bd30-65d2a13eda02}</UniqueIdentifier>
    </Filter>
    <Filter Include="classes\draw_console">
      <UniqueIdentifier>{f20ca7ec-046f-43bb-846c-92346f8be7d1}</UniqueIdentifier>
    </Filter>
    <Filter Include="abstract_classes">
      <UniqueIdentifier>{7fbaf254-dfcb-4e06-ae63-0199d76ea40c}</UniqueIdentifier>
    </Filter>
    <Filter Include="abstract_classes\input">
      <UniqueIdentifier>{8fa46de6-885c-482c-936c-286df658dcbe}</UniqueIdentifier>
    </Filter>
    <Filter Include="interfaces\i_saver">
      <UniqueIdentifier>{f2b38155-1b67-4b33-b57d-629e692eaee3}</UniqueIdentifier>
    </Filter>
    <Filter Include="classes\saver_bin">
      <UniqueIdentifier>{77c3890d-82ec-431e-a618-70b011841fa0}</UniqueIdentifier>
    </Filter>
    <Filter Include="classes\player">
      <UniqueIdentifier>{753b8863-13d7-4b76-9fb1-a27a16ce354d}</UniqueIdentifier>
    </Filter>
    <Filter Include="abstract_classes\menu">
      <UniqueIdentifier>{591b9ec8-83e9-4673-a371-a6cdc20b1642}</UniqueIdentifier>
    </Filter>
    <Filter Include="classes\menu_console">
      <UniqueIdentifier>{d3a4ef08-7614-4c87-a01e-2ab405a97d31}</UniqueIdentifier>
    </Filter>
    <Filter Include="classes\game">
      <UniqueIdentifier>{4c618b55-b31a-4c40-9c80-fe1ebd8113f6}</UniqueIdentifier>
    </Filter>
  </ItemGroup>
  <ItemGroup>
    <ClInclude Include="..\source\abstract_classes\input\input.h">
      <Filter>abstract_classes\input</Filter>
    </ClInclude>
    <ClInclude Include="..\source\classes\draw_console\draw_console_windows.h">
      <Filter>classes\draw_console</Filter>
    </ClInclude>
    <ClInclude Include="..\source\classes\engine\engine.h">
      <Filter>classes\engine</Filter>
    </ClInclude>
    <ClInclude Include="..\source\classes\exceptions\exception.h">
      <Filter>classes\exceptions</Filter>
    </ClInclude>
    <ClInclude Include="..\source\classes\game_object\fruit\fruit.h">
      <Filter>classes\game_object\fruit</Filter>
    </ClInclude>
    <ClInclude Include="..\source\classes\game_object\map_matrix\map_matrix.h">
      <Filter>classes\game_object\map_matrix</Filter>
    </ClInclude>
    <ClInclude Include="..\source\classes\game_object\point\point.h">
      <Filter>classes\game_object\point</Filter>
    </ClInclude>
    <ClInclude Include="..\source\classes\game_object\shake\shake.h">
      <Filter>classes\game_object\shake</Filter>
    </ClInclude>
    <ClInclude Include="..\source\classes\input_keyboard\input_keyboard.h">
      <Filter>classes\input_keyboard</Filter>
    </ClInclude>
    <ClInclude Include="..\source\interfaces\i_draw\i_draw.h">
      <Filter>interfaces\i_draw</Filter>
    </ClInclude>
    <ClInclude Include="..\source\interfaces\i_saver\i_saver.h">
      <Filter>interfaces\i_saver</Filter>
    </ClInclude>
    <ClInclude Include="..\source\classes\saver_bin\saver_bin.h">
      <Filter>classes\saver_bin</Filter>
    </ClInclude>
    <ClInclude Include="..\source\classes\player\player.h">
      <Filter>classes\player</Filter>
    </ClInclude>
    <ClInclude Include="..\source\abstract_classes\menu\menu.h">
      <Filter>abstract_classes\menu</Filter>
    </ClInclude>
    <ClInclude Include="..\source\classes\menu_console\menu_console.h">
      <Filter>classes\menu_console</Filter>
    </ClInclude>
    <ClInclude Include="..\source\classes\game\game.h">
      <Filter>classes\game</Filter>
    </ClInclude>
    <ClInclude Include="stdafx.h">
      <Filter>Файлы заголовков</Filter>
    </ClInclude>
  </ItemGroup>
  <ItemGroup>
    <ClCompile Include="..\source\classes\draw_console\draw_console_windows.cpp">
      <Filter>classes\draw_console</Filter>
    </ClCompile>
    <ClCompile Include="..\source\classes\engine\engine.cpp">
      <Filter>classes\engine</Filter>
    </ClCompile>
    <ClCompile Include="..\source\classes\game_object\fruit\fruit.cpp">
      <Filter>classes\game_object\fruit</Filter>
    </ClCompile>
    <ClCompile Include="..\source\classes\game_object\map_matrix\map_matrix.cpp">
      <Filter>classes\game_object\map_matrix</Filter>
    </ClCompile>
    <ClCompile Include="..\source\classes\game_object\point\point.cpp">
      <Filter>classes\game_object\point</Filter>
    </ClCompile>
    <ClCompile Include="..\source\classes\game_object\shake\shake.cpp">
      <Filter>classes\game_object\shake</Filter>
    </ClCompile>
    <ClCompile Include="..\source\classes\input_keyboard\input_keyboard.cpp">
      <Filter>classes\input_keyboard</Filter>
    </ClCompile>
    <ClCompile Include="..\source\classes\saver_bin\saver_bin.cpp">
      <Filter>classes\saver_bin</Filter>
    </ClCompile>
    <ClCompile Include="..\source\classes\menu_console\menu_console.cpp">
      <Filter>classes\menu_console</Filter>
    </ClCompile>
    <ClCompile Include="stdafx.cpp">
      <Filter>Исходные файлы</Filter>
    </ClCompile>
    <ClCompile Include="task_shake.cpp">
      <Filter>Исходные файлы</Filter>
    </ClCompile>
  </ItemGroup>
</Project>